// !$*UTF8*$!
{
	archiveVersion = 1;
	classes = {
	};
	objectVersion = 46;
	objects = {

/* Begin PBXBuildFile section */
		5F187EFE1982C2D7002F3250 /* acido.png in Resources */ = {isa = PBXBuildFile; fileRef = 5F187EC11982C2D7002F3250 /* acido.png */; };
		5F187EFF1982C2D7002F3250 /* asfixia.png in Resources */ = {isa = PBXBuildFile; fileRef = 5F187EC21982C2D7002F3250 /* asfixia.png */; };
		5F187F001982C2D7002F3250 /* asfixia2.png in Resources */ = {isa = PBXBuildFile; fileRef = 5F187EC31982C2D7002F3250 /* asfixia2.png */; };
		5F187F011982C2D7002F3250 /* avioneta.png in Resources */ = {isa = PBXBuildFile; fileRef = 5F187EC41982C2D7002F3250 /* avioneta.png */; };
		5F187F021982C2D7002F3250 /* avispa.png in Resources */ = {isa = PBXBuildFile; fileRef = 5F187EC51982C2D7002F3250 /* avispa.png */; };
		5F187F031982C2D7002F3250 /* bola.png in Resources */ = {isa = PBXBuildFile; fileRef = 5F187EC61982C2D7002F3250 /* bola.png */; };
		5F187F041982C2D7002F3250 /* bulimia.png in Resources */ = {isa = PBXBuildFile; fileRef = 5F187EC71982C2D7002F3250 /* bulimia.png */; };
		5F187F051982C2D7002F3250 /* cacao.png in Resources */ = {isa = PBXBuildFile; fileRef = 5F187EC81982C2D7002F3250 /* cacao.png */; };
		5F187F061982C2D7002F3250 /* calcinado.png in Resources */ = {isa = PBXBuildFile; fileRef = 5F187EC91982C2D7002F3250 /* calcinado.png */; };
		5F187F071982C2D7002F3250 /* caracol1.gif in Resources */ = {isa = PBXBuildFile; fileRef = 5F187ECA1982C2D7002F3250 /* caracol1.gif */; };
		5F187F081982C2D7002F3250 /* cigarrillo.png in Resources */ = {isa = PBXBuildFile; fileRef = 5F187ECB1982C2D7002F3250 /* cigarrillo.png */; };
		5F187F091982C2D7002F3250 /* demonio.png in Resources */ = {isa = PBXBuildFile; fileRef = 5F187ECC1982C2D7002F3250 /* demonio.png */; };
		5F187F0A1982C2D7002F3250 /* endos.png in Resources */ = {isa = PBXBuildFile; fileRef = 5F187ECD1982C2D7002F3250 /* endos.png */; };
		5F187F0B1982C2D7002F3250 /* endos2.png in Resources */ = {isa = PBXBuildFile; fileRef = 5F187ECE1982C2D7002F3250 /* endos2.png */; };
		5F187F0C1982C2D7002F3250 /* enema.png in Resources */ = {isa = PBXBuildFile; fileRef = 5F187ECF1982C2D7002F3250 /* enema.png */; };
		5F187F0D1982C2D7002F3250 /* estiercol.png in Resources */ = {isa = PBXBuildFile; fileRef = 5F187ED01982C2D7002F3250 /* estiercol.png */; };
		5F187F0E1982C2D7002F3250 /* frio.png in Resources */ = {isa = PBXBuildFile; fileRef = 5F187ED11982C2D7002F3250 /* frio.png */; };
		5F187F0F1982C2D7002F3250 /* jabalina.png in Resources */ = {isa = PBXBuildFile; fileRef = 5F187ED21982C2D7002F3250 /* jabalina.png */; };
		5F187F101982C2D7002F3250 /* jeringuilla.png in Resources */ = {isa = PBXBuildFile; fileRef = 5F187ED31982C2D7002F3250 /* jeringuilla.png */; };
		5F187F111982C2D7002F3250 /* latex.png in Resources */ = {isa = PBXBuildFile; fileRef = 5F187ED41982C2D7002F3250 /* latex.png */; };
		5F187F121982C2D7002F3250 /* neumatico.png in Resources */ = {isa = PBXBuildFile; fileRef = 5F187ED51982C2D7002F3250 /* neumatico.png */; };
		5F187F131982C2D7002F3250 /* oso.png in Resources */ = {isa = PBXBuildFile; fileRef = 5F187ED61982C2D7002F3250 /* oso.png */; };
		5F187F141982C2D7002F3250 /* paraguas.png in Resources */ = {isa = PBXBuildFile; fileRef = 5F187ED71982C2D7002F3250 /* paraguas.png */; };
		5F187F151982C2D7002F3250 /* rayado.png in Resources */ = {isa = PBXBuildFile; fileRef = 5F187ED81982C2D7002F3250 /* rayado.png */; };
		5F187F161982C2D7002F3250 /* rayo.png in Resources */ = {isa = PBXBuildFile; fileRef = 5F187ED91982C2D7002F3250 /* rayo.png */; };
		5F187F171982C2D7002F3250 /* soldadora.png in Resources */ = {isa = PBXBuildFile; fileRef = 5F187EDA1982C2D7002F3250 /* soldadora.png */; };
		5F187F181982C2D7002F3250 /* truturadora.png in Resources */ = {isa = PBXBuildFile; fileRef = 5F187EDB1982C2D7002F3250 /* truturadora.png */; };
		5F187F191982C2D7002F3250 /* veneno.png in Resources */ = {isa = PBXBuildFile; fileRef = 5F187EDC1982C2D7002F3250 /* veneno.png */; };
		5F187F1A1982C2D7002F3250 /* ventana.png in Resources */ = {isa = PBXBuildFile; fileRef = 5F187EDD1982C2D7002F3250 /* ventana.png */; };
		5F187F1B1982C2D7002F3250 /* zanahoria.png in Resources */ = {isa = PBXBuildFile; fileRef = 5F187EDE1982C2D7002F3250 /* zanahoria.png */; };
		5F187F1C1982C2D7002F3250 /* 197.png in Resources */ = {isa = PBXBuildFile; fileRef = 5F187EE01982C2D7002F3250 /* 197.png */; };
		5F187F1D1982C2D7002F3250 /* 199.png in Resources */ = {isa = PBXBuildFile; fileRef = 5F187EE11982C2D7002F3250 /* 199.png */; };
		5F187F1E1982C2D7002F3250 /* 208.png in Resources */ = {isa = PBXBuildFile; fileRef = 5F187EE21982C2D7002F3250 /* 208.png */; };
		5F187F1F1982C2D7002F3250 /* 226.png in Resources */ = {isa = PBXBuildFile; fileRef = 5F187EE31982C2D7002F3250 /* 226.png */; };
		5F187F201982C2D7002F3250 /* 230.png in Resources */ = {isa = PBXBuildFile; fileRef = 5F187EE41982C2D7002F3250 /* 230.png */; };
		5F187F211982C2D7002F3250 /* 269.png in Resources */ = {isa = PBXBuildFile; fileRef = 5F187EE51982C2D7002F3250 /* 269.png */; };
		5F187F221982C2D7002F3250 /* 288.png in Resources */ = {isa = PBXBuildFile; fileRef = 5F187EE61982C2D7002F3250 /* 288.png */; };
		5F187F231982C2D7002F3250 /* 293.png in Resources */ = {isa = PBXBuildFile; fileRef = 5F187EE71982C2D7002F3250 /* 293.png */; };
		5F187F241982C2D7002F3250 /* 314.png in Resources */ = {isa = PBXBuildFile; fileRef = 5F187EE81982C2D7002F3250 /* 314.png */; };
		5F187F251982C2D7002F3250 /* 316.png in Resources */ = {isa = PBXBuildFile; fileRef = 5F187EE91982C2D7002F3250 /* 316.png */; };
		5F187F261982C2D7002F3250 /* 319.png in Resources */ = {isa = PBXBuildFile; fileRef = 5F187EEA1982C2D7002F3250 /* 319.png */; };
		5F187F271982C2D7002F3250 /* 347.png in Resources */ = {isa = PBXBuildFile; fileRef = 5F187EEB1982C2D7002F3250 /* 347.png */; };
		5F187F281982C2D7002F3250 /* 385.png in Resources */ = {isa = PBXBuildFile; fileRef = 5F187EEC1982C2D7002F3250 /* 385.png */; };
		5F187F291982C2D7002F3250 /* 412.png in Resources */ = {isa = PBXBuildFile; fileRef = 5F187EED1982C2D7002F3250 /* 412.png */; };
		5F187F2A1982C2D7002F3250 /* 422.png in Resources */ = {isa = PBXBuildFile; fileRef = 5F187EEE1982C2D7002F3250 /* 422.png */; };
		5F187F2B1982C2D7002F3250 /* 498.png in Resources */ = {isa = PBXBuildFile; fileRef = 5F187EEF1982C2D7002F3250 /* 498.png */; };
		5F187F2C1982C2D7002F3250 /* 504.png in Resources */ = {isa = PBXBuildFile; fileRef = 5F187EF01982C2D7002F3250 /* 504.png */; };
		5F187F2D1982C2D7002F3250 /* 606.png in Resources */ = {isa = PBXBuildFile; fileRef = 5F187EF11982C2D7002F3250 /* 606.png */; };
		5F187F2E1982C2D7002F3250 /* 610.png in Resources */ = {isa = PBXBuildFile; fileRef = 5F187EF21982C2D7002F3250 /* 610.png */; };
		5F187F2F1982C2D7002F3250 /* 622.png in Resources */ = {isa = PBXBuildFile; fileRef = 5F187EF31982C2D7002F3250 /* 622.png */; };
		5F187F301982C2D7002F3250 /* 625.png in Resources */ = {isa = PBXBuildFile; fileRef = 5F187EF41982C2D7002F3250 /* 625.png */; };
		5F187F311982C2D7002F3250 /* 629.png in Resources */ = {isa = PBXBuildFile; fileRef = 5F187EF51982C2D7002F3250 /* 629.png */; };
		5F187F321982C2D7002F3250 /* 640.png in Resources */ = {isa = PBXBuildFile; fileRef = 5F187EF61982C2D7002F3250 /* 640.png */; };
		5F187F331982C2D7002F3250 /* 652.png in Resources */ = {isa = PBXBuildFile; fileRef = 5F187EF71982C2D7002F3250 /* 652.png */; };
		5F187F341982C2D7002F3250 /* 674.png in Resources */ = {isa = PBXBuildFile; fileRef = 5F187EF81982C2D7002F3250 /* 674.png */; };
		5F187F351982C2D7002F3250 /* 713.png in Resources */ = {isa = PBXBuildFile; fileRef = 5F187EF91982C2D7002F3250 /* 713.png */; };
		5F187F361982C2D7002F3250 /* 818.png in Resources */ = {isa = PBXBuildFile; fileRef = 5F187EFA1982C2D7002F3250 /* 818.png */; };
		5F187F371982C2D7002F3250 /* 832.png in Resources */ = {isa = PBXBuildFile; fileRef = 5F187EFB1982C2D7002F3250 /* 832.png */; };
		5F187F381982C2D7002F3250 /* 892.png in Resources */ = {isa = PBXBuildFile; fileRef = 5F187EFC1982C2D7002F3250 /* 892.png */; };
		5F187F391982C2D7002F3250 /* 952.png in Resources */ = {isa = PBXBuildFile; fileRef = 5F187EFD1982C2D7002F3250 /* 952.png */; };
		5F187F441982C30C002F3250 /* DVDCollectionViewController.m in Sources */ = {isa = PBXBuildFile; fileRef = 5F187F3C1982C30C002F3250 /* DVDCollectionViewController.m */; };
		5F187F461982C30C002F3250 /* DVDModelViewViewController.m in Sources */ = {isa = PBXBuildFile; fileRef = 5F187F401982C30C002F3250 /* DVDModelViewViewController.m */; };
		5F187F471982C30C002F3250 /* DVDModelViewViewController.xib in Resources */ = {isa = PBXBuildFile; fileRef = 5F187F411982C30C002F3250 /* DVDModelViewViewController.xib */; };
		5F187F481982C30C002F3250 /* PRPNavigationViewController.m in Sources */ = {isa = PBXBuildFile; fileRef = 5F187F431982C30C002F3250 /* PRPNavigationViewController.m */; };
		5F187F4B1982C33D002F3250 /* DVDCustomerCell.m in Sources */ = {isa = PBXBuildFile; fileRef = 5F187F4A1982C33D002F3250 /* DVDCustomerCell.m */; };
		5F187F511982C365002F3250 /* DVDArrayModels.m in Sources */ = {isa = PBXBuildFile; fileRef = 5F187F4E1982C365002F3250 /* DVDArrayModels.m */; };
		5F187F521982C365002F3250 /* DVDWayToDieModel.m in Sources */ = {isa = PBXBuildFile; fileRef = 5F187F501982C365002F3250 /* DVDWayToDieModel.m */; };
		84791958191CD83700D88A11 /* Foundation.framework in Frameworks */ = {isa = PBXBuildFile; fileRef = 84791957191CD83700D88A11 /* Foundation.framework */; };
		8479195A191CD83700D88A11 /* CoreGraphics.framework in Frameworks */ = {isa = PBXBuildFile; fileRef = 84791959191CD83700D88A11 /* CoreGraphics.framework */; };
		8479195C191CD83700D88A11 /* UIKit.framework in Frameworks */ = {isa = PBXBuildFile; fileRef = 8479195B191CD83700D88A11 /* UIKit.framework */; };
		84791962191CD83700D88A11 /* InfoPlist.strings in Resources */ = {isa = PBXBuildFile; fileRef = 84791960191CD83700D88A11 /* InfoPlist.strings */; };
		84791964191CD83700D88A11 /* main.m in Sources */ = {isa = PBXBuildFile; fileRef = 84791963191CD83700D88A11 /* main.m */; };
		84791968191CD83700D88A11 /* DVDAppDelegate.m in Sources */ = {isa = PBXBuildFile; fileRef = 84791967191CD83700D88A11 /* DVDAppDelegate.m */; };
		8479196B191CD83700D88A11 /* Main.storyboard in Resources */ = {isa = PBXBuildFile; fileRef = 84791969191CD83700D88A11 /* Main.storyboard */; };
		84791970191CD83700D88A11 /* Images.xcassets in Resources */ = {isa = PBXBuildFile; fileRef = 8479196F191CD83700D88A11 /* Images.xcassets */; };
		84791977191CD83700D88A11 /* XCTest.framework in Frameworks */ = {isa = PBXBuildFile; fileRef = 84791976191CD83700D88A11 /* XCTest.framework */; };
		84791978191CD83700D88A11 /* Foundation.framework in Frameworks */ = {isa = PBXBuildFile; fileRef = 84791957191CD83700D88A11 /* Foundation.framework */; };
		84791979191CD83700D88A11 /* UIKit.framework in Frameworks */ = {isa = PBXBuildFile; fileRef = 8479195B191CD83700D88A11 /* UIKit.framework */; };
		84791981191CD83700D88A11 /* InfoPlist.strings in Resources */ = {isa = PBXBuildFile; fileRef = 8479197F191CD83700D88A11 /* InfoPlist.strings */; };
		84791983191CD83700D88A11 /* _000WTDTests.m in Sources */ = {isa = PBXBuildFile; fileRef = 84791982191CD83700D88A11 /* _000WTDTests.m */; };
/* End PBXBuildFile section */

/* Begin PBXContainerItemProxy section */
		8479197A191CD83700D88A11 /* PBXContainerItemProxy */ = {
			isa = PBXContainerItemProxy;
			containerPortal = 8479194C191CD83700D88A11 /* Project object */;
			proxyType = 1;
			remoteGlobalIDString = 84791953191CD83700D88A11;
			remoteInfo = 1000WTD;
		};
/* End PBXContainerItemProxy section */

/* Begin PBXFileReference section */
		5F187EC11982C2D7002F3250 /* acido.png */ = {isa = PBXFileReference; lastKnownFileType = image.png; path = acido.png; sourceTree = "<group>"; };
		5F187EC21982C2D7002F3250 /* asfixia.png */ = {isa = PBXFileReference; lastKnownFileType = image.png; path = asfixia.png; sourceTree = "<group>"; };
		5F187EC31982C2D7002F3250 /* asfixia2.png */ = {isa = PBXFileReference; lastKnownFileType = image.png; path = asfixia2.png; sourceTree = "<group>"; };
		5F187EC41982C2D7002F3250 /* avioneta.png */ = {isa = PBXFileReference; lastKnownFileType = image.png; path = avioneta.png; sourceTree = "<group>"; };
		5F187EC51982C2D7002F3250 /* avispa.png */ = {isa = PBXFileReference; lastKnownFileType = image.png; path = avispa.png; sourceTree = "<group>"; };
		5F187EC61982C2D7002F3250 /* bola.png */ = {isa = PBXFileReference; lastKnownFileType = image.png; path = bola.png; sourceTree = "<group>"; };
		5F187EC71982C2D7002F3250 /* bulimia.png */ = {isa = PBXFileReference; lastKnownFileType = image.png; path = bulimia.png; sourceTree = "<group>"; };
		5F187EC81982C2D7002F3250 /* cacao.png */ = {isa = PBXFileReference; lastKnownFileType = image.png; path = cacao.png; sourceTree = "<group>"; };
		5F187EC91982C2D7002F3250 /* calcinado.png */ = {isa = PBXFileReference; lastKnownFileType = image.png; path = calcinado.png; sourceTree = "<group>"; };
		5F187ECA1982C2D7002F3250 /* caracol1.gif */ = {isa = PBXFileReference; lastKnownFileType = image.gif; path = caracol1.gif; sourceTree = "<group>"; };
		5F187ECB1982C2D7002F3250 /* cigarrillo.png */ = {isa = PBXFileReference; lastKnownFileType = image.png; path = cigarrillo.png; sourceTree = "<group>"; };
		5F187ECC1982C2D7002F3250 /* demonio.png */ = {isa = PBXFileReference; lastKnownFileType = image.png; path = demonio.png; sourceTree = "<group>"; };
		5F187ECD1982C2D7002F3250 /* endos.png */ = {isa = PBXFileReference; lastKnownFileType = image.png; path = endos.png; sourceTree = "<group>"; };
		5F187ECE1982C2D7002F3250 /* endos2.png */ = {isa = PBXFileReference; lastKnownFileType = image.png; path = endos2.png; sourceTree = "<group>"; };
		5F187ECF1982C2D7002F3250 /* enema.png */ = {isa = PBXFileReference; lastKnownFileType = image.png; path = enema.png; sourceTree = "<group>"; };
		5F187ED01982C2D7002F3250 /* estiercol.png */ = {isa = PBXFileReference; lastKnownFileType = image.png; path = estiercol.png; sourceTree = "<group>"; };
		5F187ED11982C2D7002F3250 /* frio.png */ = {isa = PBXFileReference; lastKnownFileType = image.png; path = frio.png; sourceTree = "<group>"; };
		5F187ED21982C2D7002F3250 /* jabalina.png */ = {isa = PBXFileReference; lastKnownFileType = image.png; path = jabalina.png; sourceTree = "<group>"; };
		5F187ED31982C2D7002F3250 /* jeringuilla.png */ = {isa = PBXFileReference; lastKnownFileType = image.png; path = jeringuilla.png; sourceTree = "<group>"; };
		5F187ED41982C2D7002F3250 /* latex.png */ = {isa = PBXFileReference; lastKnownFileType = image.png; path = latex.png; sourceTree = "<group>"; };
		5F187ED51982C2D7002F3250 /* neumatico.png */ = {isa = PBXFileReference; lastKnownFileType = image.png; path = neumatico.png; sourceTree = "<group>"; };
		5F187ED61982C2D7002F3250 /* oso.png */ = {isa = PBXFileReference; lastKnownFileType = image.png; path = oso.png; sourceTree = "<group>"; };
		5F187ED71982C2D7002F3250 /* paraguas.png */ = {isa = PBXFileReference; lastKnownFileType = image.png; path = paraguas.png; sourceTree = "<group>"; };
		5F187ED81982C2D7002F3250 /* rayado.png */ = {isa = PBXFileReference; lastKnownFileType = image.png; path = rayado.png; sourceTree = "<group>"; };
		5F187ED91982C2D7002F3250 /* rayo.png */ = {isa = PBXFileReference; lastKnownFileType = image.png; path = rayo.png; sourceTree = "<group>"; };
		5F187EDA1982C2D7002F3250 /* soldadora.png */ = {isa = PBXFileReference; lastKnownFileType = image.png; path = soldadora.png; sourceTree = "<group>"; };
		5F187EDB1982C2D7002F3250 /* truturadora.png */ = {isa = PBXFileReference; lastKnownFileType = image.png; path = truturadora.png; sourceTree = "<group>"; };
		5F187EDC1982C2D7002F3250 /* veneno.png */ = {isa = PBXFileReference; lastKnownFileType = image.png; path = veneno.png; sourceTree = "<group>"; };
		5F187EDD1982C2D7002F3250 /* ventana.png */ = {isa = PBXFileReference; lastKnownFileType = image.png; path = ventana.png; sourceTree = "<group>"; };
		5F187EDE1982C2D7002F3250 /* zanahoria.png */ = {isa = PBXFileReference; lastKnownFileType = image.png; path = zanahoria.png; sourceTree = "<group>"; };
		5F187EE01982C2D7002F3250 /* 197.png */ = {isa = PBXFileReference; lastKnownFileType = image.png; path = 197.png; sourceTree = "<group>"; };
		5F187EE11982C2D7002F3250 /* 199.png */ = {isa = PBXFileReference; lastKnownFileType = image.png; path = 199.png; sourceTree = "<group>"; };
		5F187EE21982C2D7002F3250 /* 208.png */ = {isa = PBXFileReference; lastKnownFileType = image.png; path = 208.png; sourceTree = "<group>"; };
		5F187EE31982C2D7002F3250 /* 226.png */ = {isa = PBXFileReference; lastKnownFileType = image.png; path = 226.png; sourceTree = "<group>"; };
		5F187EE41982C2D7002F3250 /* 230.png */ = {isa = PBXFileReference; lastKnownFileType = image.png; path = 230.png; sourceTree = "<group>"; };
		5F187EE51982C2D7002F3250 /* 269.png */ = {isa = PBXFileReference; lastKnownFileType = image.png; path = 269.png; sourceTree = "<group>"; };
		5F187EE61982C2D7002F3250 /* 288.png */ = {isa = PBXFileReference; lastKnownFileType = image.png; path = 288.png; sourceTree = "<group>"; };
		5F187EE71982C2D7002F3250 /* 293.png */ = {isa = PBXFileReference; lastKnownFileType = image.png; path = 293.png; sourceTree = "<group>"; };
		5F187EE81982C2D7002F3250 /* 314.png */ = {isa = PBXFileReference; lastKnownFileType = image.png; path = 314.png; sourceTree = "<group>"; };
		5F187EE91982C2D7002F3250 /* 316.png */ = {isa = PBXFileReference; lastKnownFileType = image.png; path = 316.png; sourceTree = "<group>"; };
		5F187EEA1982C2D7002F3250 /* 319.png */ = {isa = PBXFileReference; lastKnownFileType = image.png; path = 319.png; sourceTree = "<group>"; };
		5F187EEB1982C2D7002F3250 /* 347.png */ = {isa = PBXFileReference; lastKnownFileType = image.png; path = 347.png; sourceTree = "<group>"; };
		5F187EEC1982C2D7002F3250 /* 385.png */ = {isa = PBXFileReference; lastKnownFileType = image.png; path = 385.png; sourceTree = "<group>"; };
		5F187EED1982C2D7002F3250 /* 412.png */ = {isa = PBXFileReference; lastKnownFileType = image.png; path = 412.png; sourceTree = "<group>"; };
		5F187EEE1982C2D7002F3250 /* 422.png */ = {isa = PBXFileReference; lastKnownFileType = image.png; path = 422.png; sourceTree = "<group>"; };
		5F187EEF1982C2D7002F3250 /* 498.png */ = {isa = PBXFileReference; lastKnownFileType = image.png; path = 498.png; sourceTree = "<group>"; };
		5F187EF01982C2D7002F3250 /* 504.png */ = {isa = PBXFileReference; lastKnownFileType = image.png; path = 504.png; sourceTree = "<group>"; };
		5F187EF11982C2D7002F3250 /* 606.png */ = {isa = PBXFileReference; lastKnownFileType = image.png; path = 606.png; sourceTree = "<group>"; };
		5F187EF21982C2D7002F3250 /* 610.png */ = {isa = PBXFileReference; lastKnownFileType = image.png; path = 610.png; sourceTree = "<group>"; };
		5F187EF31982C2D7002F3250 /* 622.png */ = {isa = PBXFileReference; lastKnownFileType = image.png; path = 622.png; sourceTree = "<group>"; };
		5F187EF41982C2D7002F3250 /* 625.png */ = {isa = PBXFileReference; lastKnownFileType = image.png; path = 625.png; sourceTree = "<group>"; };
		5F187EF51982C2D7002F3250 /* 629.png */ = {isa = PBXFileReference; lastKnownFileType = image.png; path = 629.png; sourceTree = "<group>"; };
		5F187EF61982C2D7002F3250 /* 640.png */ = {isa = PBXFileReference; lastKnownFileType = image.png; path = 640.png; sourceTree = "<group>"; };
		5F187EF71982C2D7002F3250 /* 652.png */ = {isa = PBXFileReference; lastKnownFileType = image.png; path = 652.png; sourceTree = "<group>"; };
		5F187EF81982C2D7002F3250 /* 674.png */ = {isa = PBXFileReference; lastKnownFileType = image.png; path = 674.png; sourceTree = "<group>"; };
		5F187EF91982C2D7002F3250 /* 713.png */ = {isa = PBXFileReference; lastKnownFileType = image.png; path = 713.png; sourceTree = "<group>"; };
		5F187EFA1982C2D7002F3250 /* 818.png */ = {isa = PBXFileReference; lastKnownFileType = image.png; path = 818.png; sourceTree = "<group>"; };
		5F187EFB1982C2D7002F3250 /* 832.png */ = {isa = PBXFileReference; lastKnownFileType = image.png; path = 832.png; sourceTree = "<group>"; };
		5F187EFC1982C2D7002F3250 /* 892.png */ = {isa = PBXFileReference; lastKnownFileType = image.png; path = 892.png; sourceTree = "<group>"; };
		5F187EFD1982C2D7002F3250 /* 952.png */ = {isa = PBXFileReference; lastKnownFileType = image.png; path = 952.png; sourceTree = "<group>"; };
		5F187F3B1982C30C002F3250 /* DVDCollectionViewController.h */ = {isa = PBXFileReference; fileEncoding = 4; lastKnownFileType = sourcecode.c.h; path = DVDCollectionViewController.h; sourceTree = "<group>"; };
		5F187F3C1982C30C002F3250 /* DVDCollectionViewController.m */ = {isa = PBXFileReference; fileEncoding = 4; lastKnownFileType = sourcecode.c.objc; path = DVDCollectionViewController.m; sourceTree = "<group>"; };
		5F187F3F1982C30C002F3250 /* DVDModelViewViewController.h */ = {isa = PBXFileReference; fileEncoding = 4; lastKnownFileType = sourcecode.c.h; path = DVDModelViewViewController.h; sourceTree = "<group>"; };
		5F187F401982C30C002F3250 /* DVDModelViewViewController.m */ = {isa = PBXFileReference; fileEncoding = 4; lastKnownFileType = sourcecode.c.objc; path = DVDModelViewViewController.m; sourceTree = "<group>"; };
		5F187F411982C30C002F3250 /* DVDModelViewViewController.xib */ = {isa = PBXFileReference; fileEncoding = 4; lastKnownFileType = file.xib; path = DVDModelViewViewController.xib; sourceTree = "<group>"; };
		5F187F421982C30C002F3250 /* PRPNavigationViewController.h */ = {isa = PBXFileReference; fileEncoding = 4; lastKnownFileType = sourcecode.c.h; path = PRPNavigationViewController.h; sourceTree = "<group>"; };
		5F187F431982C30C002F3250 /* PRPNavigationViewController.m */ = {isa = PBXFileReference; fileEncoding = 4; lastKnownFileType = sourcecode.c.objc; path = PRPNavigationViewController.m; sourceTree = "<group>"; };
		5F187F491982C33D002F3250 /* DVDCustomerCell.h */ = {isa = PBXFileReference; fileEncoding = 4; lastKnownFileType = sourcecode.c.h; name = DVDCustomerCell.h; path = Views/DVDCustomerCell.h; sourceTree = "<group>"; };
		5F187F4A1982C33D002F3250 /* DVDCustomerCell.m */ = {isa = PBXFileReference; fileEncoding = 4; lastKnownFileType = sourcecode.c.objc; name = DVDCustomerCell.m; path = Views/DVDCustomerCell.m; sourceTree = "<group>"; };
		5F187F4D1982C365002F3250 /* DVDArrayModels.h */ = {isa = PBXFileReference; fileEncoding = 4; lastKnownFileType = sourcecode.c.h; path = DVDArrayModels.h; sourceTree = "<group>"; };
		5F187F4E1982C365002F3250 /* DVDArrayModels.m */ = {isa = PBXFileReference; fileEncoding = 4; lastKnownFileType = sourcecode.c.objc; path = DVDArrayModels.m; sourceTree = "<group>"; };
		5F187F4F1982C365002F3250 /* DVDWayToDieModel.h */ = {isa = PBXFileReference; fileEncoding = 4; lastKnownFileType = sourcecode.c.h; path = DVDWayToDieModel.h; sourceTree = "<group>"; };
		5F187F501982C365002F3250 /* DVDWayToDieModel.m */ = {isa = PBXFileReference; fileEncoding = 4; lastKnownFileType = sourcecode.c.objc; path = DVDWayToDieModel.m; sourceTree = "<group>"; };
		84791954191CD83700D88A11 /* 1000WTD.app */ = {isa = PBXFileReference; explicitFileType = wrapper.application; includeInIndex = 0; path = 1000WTD.app; sourceTree = BUILT_PRODUCTS_DIR; };
		84791957191CD83700D88A11 /* Foundation.framework */ = {isa = PBXFileReference; lastKnownFileType = wrapper.framework; name = Foundation.framework; path = System/Library/Frameworks/Foundation.framework; sourceTree = SDKROOT; };
		84791959191CD83700D88A11 /* CoreGraphics.framework */ = {isa = PBXFileReference; lastKnownFileType = wrapper.framework; name = CoreGraphics.framework; path = System/Library/Frameworks/CoreGraphics.framework; sourceTree = SDKROOT; };
		8479195B191CD83700D88A11 /* UIKit.framework */ = {isa = PBXFileReference; lastKnownFileType = wrapper.framework; name = UIKit.framework; path = System/Library/Frameworks/UIKit.framework; sourceTree = SDKROOT; };
		8479195F191CD83700D88A11 /* 1000WTD-Info.plist */ = {isa = PBXFileReference; lastKnownFileType = text.plist.xml; path = "1000WTD-Info.plist"; sourceTree = "<group>"; };
		84791961191CD83700D88A11 /* en */ = {isa = PBXFileReference; lastKnownFileType = text.plist.strings; name = en; path = en.lproj/InfoPlist.strings; sourceTree = "<group>"; };
		84791963191CD83700D88A11 /* main.m */ = {isa = PBXFileReference; lastKnownFileType = sourcecode.c.objc; path = main.m; sourceTree = "<group>"; };
		84791965191CD83700D88A11 /* 1000WTD-Prefix.pch */ = {isa = PBXFileReference; lastKnownFileType = sourcecode.c.h; path = "1000WTD-Prefix.pch"; sourceTree = "<group>"; };
		84791966191CD83700D88A11 /* DVDAppDelegate.h */ = {isa = PBXFileReference; lastKnownFileType = sourcecode.c.h; path = DVDAppDelegate.h; sourceTree = "<group>"; };
		84791967191CD83700D88A11 /* DVDAppDelegate.m */ = {isa = PBXFileReference; lastKnownFileType = sourcecode.c.objc; path = DVDAppDelegate.m; sourceTree = "<group>"; };
		8479196A191CD83700D88A11 /* Base */ = {isa = PBXFileReference; lastKnownFileType = file.storyboard; name = Base; path = Base.lproj/Main.storyboard; sourceTree = "<group>"; };
		8479196F191CD83700D88A11 /* Images.xcassets */ = {isa = PBXFileReference; lastKnownFileType = folder.assetcatalog; path = Images.xcassets; sourceTree = "<group>"; };
		84791975191CD83700D88A11 /* 1000WTDTests.xctest */ = {isa = PBXFileReference; explicitFileType = wrapper.cfbundle; includeInIndex = 0; path = 1000WTDTests.xctest; sourceTree = BUILT_PRODUCTS_DIR; };
		84791976191CD83700D88A11 /* XCTest.framework */ = {isa = PBXFileReference; lastKnownFileType = wrapper.framework; name = XCTest.framework; path = Library/Frameworks/XCTest.framework; sourceTree = DEVELOPER_DIR; };
		8479197E191CD83700D88A11 /* 1000WTDTests-Info.plist */ = {isa = PBXFileReference; lastKnownFileType = text.plist.xml; path = "1000WTDTests-Info.plist"; sourceTree = "<group>"; };
		84791980191CD83700D88A11 /* en */ = {isa = PBXFileReference; lastKnownFileType = text.plist.strings; name = en; path = en.lproj/InfoPlist.strings; sourceTree = "<group>"; };
		84791982191CD83700D88A11 /* _000WTDTests.m */ = {isa = PBXFileReference; lastKnownFileType = sourcecode.c.objc; path = _000WTDTests.m; sourceTree = "<group>"; };
/* End PBXFileReference section */

/* Begin PBXFrameworksBuildPhase section */
		84791951191CD83700D88A11 /* Frameworks */ = {
			isa = PBXFrameworksBuildPhase;
			buildActionMask = 2147483647;
			files = (
				8479195A191CD83700D88A11 /* CoreGraphics.framework in Frameworks */,
				8479195C191CD83700D88A11 /* UIKit.framework in Frameworks */,
				84791958191CD83700D88A11 /* Foundation.framework in Frameworks */,
			);
			runOnlyForDeploymentPostprocessing = 0;
		};
		84791972191CD83700D88A11 /* Frameworks */ = {
			isa = PBXFrameworksBuildPhase;
			buildActionMask = 2147483647;
			files = (
				84791977191CD83700D88A11 /* XCTest.framework in Frameworks */,
				84791979191CD83700D88A11 /* UIKit.framework in Frameworks */,
				84791978191CD83700D88A11 /* Foundation.framework in Frameworks */,
			);
			runOnlyForDeploymentPostprocessing = 0;
		};
/* End PBXFrameworksBuildPhase section */

/* Begin PBXGroup section */
		5F187EC01982C2D7002F3250 /* Animations */ = {
			isa = PBXGroup;
			children = (
				5F187EC11982C2D7002F3250 /* acido.png */,
				5F187EC21982C2D7002F3250 /* asfixia.png */,
				5F187EC31982C2D7002F3250 /* asfixia2.png */,
				5F187EC41982C2D7002F3250 /* avioneta.png */,
				5F187EC51982C2D7002F3250 /* avispa.png */,
				5F187EC61982C2D7002F3250 /* bola.png */,
				5F187EC71982C2D7002F3250 /* bulimia.png */,
				5F187EC81982C2D7002F3250 /* cacao.png */,
				5F187EC91982C2D7002F3250 /* calcinado.png */,
				5F187ECA1982C2D7002F3250 /* caracol1.gif */,
				5F187ECB1982C2D7002F3250 /* cigarrillo.png */,
				5F187ECC1982C2D7002F3250 /* demonio.png */,
				5F187ECD1982C2D7002F3250 /* endos.png */,
				5F187ECE1982C2D7002F3250 /* endos2.png */,
				5F187ECF1982C2D7002F3250 /* enema.png */,
				5F187ED01982C2D7002F3250 /* estiercol.png */,
				5F187ED11982C2D7002F3250 /* frio.png */,
				5F187ED21982C2D7002F3250 /* jabalina.png */,
				5F187ED31982C2D7002F3250 /* jeringuilla.png */,
				5F187ED41982C2D7002F3250 /* latex.png */,
				5F187ED51982C2D7002F3250 /* neumatico.png */,
				5F187ED61982C2D7002F3250 /* oso.png */,
				5F187ED71982C2D7002F3250 /* paraguas.png */,
				5F187ED81982C2D7002F3250 /* rayado.png */,
				5F187ED91982C2D7002F3250 /* rayo.png */,
				5F187EDA1982C2D7002F3250 /* soldadora.png */,
				5F187EDB1982C2D7002F3250 /* truturadora.png */,
				5F187EDC1982C2D7002F3250 /* veneno.png */,
				5F187EDD1982C2D7002F3250 /* ventana.png */,
				5F187EDE1982C2D7002F3250 /* zanahoria.png */,
			);
			name = Animations;
			path = Resources/Animations;
			sourceTree = "<group>";
		};
		5F187EDF1982C2D7002F3250 /* VideoImages */ = {
			isa = PBXGroup;
			children = (
				5F187EE01982C2D7002F3250 /* 197.png */,
				5F187EE11982C2D7002F3250 /* 199.png */,
				5F187EE21982C2D7002F3250 /* 208.png */,
				5F187EE31982C2D7002F3250 /* 226.png */,
				5F187EE41982C2D7002F3250 /* 230.png */,
				5F187EE51982C2D7002F3250 /* 269.png */,
				5F187EE61982C2D7002F3250 /* 288.png */,
				5F187EE71982C2D7002F3250 /* 293.png */,
				5F187EE81982C2D7002F3250 /* 314.png */,
				5F187EE91982C2D7002F3250 /* 316.png */,
				5F187EEA1982C2D7002F3250 /* 319.png */,
				5F187EEB1982C2D7002F3250 /* 347.png */,
				5F187EEC1982C2D7002F3250 /* 385.png */,
				5F187EED1982C2D7002F3250 /* 412.png */,
				5F187EEE1982C2D7002F3250 /* 422.png */,
				5F187EEF1982C2D7002F3250 /* 498.png */,
				5F187EF01982C2D7002F3250 /* 504.png */,
				5F187EF11982C2D7002F3250 /* 606.png */,
				5F187EF21982C2D7002F3250 /* 610.png */,
				5F187EF31982C2D7002F3250 /* 622.png */,
				5F187EF41982C2D7002F3250 /* 625.png */,
				5F187EF51982C2D7002F3250 /* 629.png */,
				5F187EF61982C2D7002F3250 /* 640.png */,
				5F187EF71982C2D7002F3250 /* 652.png */,
				5F187EF81982C2D7002F3250 /* 674.png */,
				5F187EF91982C2D7002F3250 /* 713.png */,
				5F187EFA1982C2D7002F3250 /* 818.png */,
				5F187EFB1982C2D7002F3250 /* 832.png */,
				5F187EFC1982C2D7002F3250 /* 892.png */,
				5F187EFD1982C2D7002F3250 /* 952.png */,
			);
			name = VideoImages;
			path = Resources/VideoImages;
			sourceTree = "<group>";
		};
		5F187F3A1982C30C002F3250 /* ViewControllers */ = {
			isa = PBXGroup;
			children = (
				5F187F3B1982C30C002F3250 /* DVDCollectionViewController.h */,
				5F187F3C1982C30C002F3250 /* DVDCollectionViewController.m */,
				5F187F3F1982C30C002F3250 /* DVDModelViewViewController.h */,
				5F187F401982C30C002F3250 /* DVDModelViewViewController.m */,
				5F187F411982C30C002F3250 /* DVDModelViewViewController.xib */,
				5F187F421982C30C002F3250 /* PRPNavigationViewController.h */,
				5F187F431982C30C002F3250 /* PRPNavigationViewController.m */,
			);
			path = ViewControllers;
			sourceTree = "<group>";
		};
		5F187F4C1982C365002F3250 /* Model */ = {
			isa = PBXGroup;
			children = (
				5F187F4D1982C365002F3250 /* DVDArrayModels.h */,
				5F187F4E1982C365002F3250 /* DVDArrayModels.m */,
				5F187F4F1982C365002F3250 /* DVDWayToDieModel.h */,
				5F187F501982C365002F3250 /* DVDWayToDieModel.m */,
			);
			path = Model;
			sourceTree = "<group>";
		};
		84437172191D065C00B2B202 /* Resources */ = {
			isa = PBXGroup;
			children = (
				5F187EC01982C2D7002F3250 /* Animations */,
				5F187EDF1982C2D7002F3250 /* VideoImages */,
			);
			name = Resources;
			path = 1000WTD;
			sourceTree = "<group>";
		};
		8479194B191CD83700D88A11 = {
			isa = PBXGroup;
			children = (
				8479195D191CD83700D88A11 /* 1000WTD */,
				84437172191D065C00B2B202 /* Resources */,
				8479197C191CD83700D88A11 /* 1000WTDTests */,
				84791956191CD83700D88A11 /* Frameworks */,
				84791955191CD83700D88A11 /* Products */,
			);
			sourceTree = "<group>";
		};
		84791955191CD83700D88A11 /* Products */ = {
			isa = PBXGroup;
			children = (
				84791954191CD83700D88A11 /* 1000WTD.app */,
				84791975191CD83700D88A11 /* 1000WTDTests.xctest */,
			);
			name = Products;
			sourceTree = "<group>";
		};
		84791956191CD83700D88A11 /* Frameworks */ = {
			isa = PBXGroup;
			children = (
				84791957191CD83700D88A11 /* Foundation.framework */,
				84791959191CD83700D88A11 /* CoreGraphics.framework */,
				8479195B191CD83700D88A11 /* UIKit.framework */,
				84791976191CD83700D88A11 /* XCTest.framework */,
			);
			name = Frameworks;
			sourceTree = "<group>";
		};
		8479195D191CD83700D88A11 /* 1000WTD */ = {
			isa = PBXGroup;
			children = (
				84791966191CD83700D88A11 /* DVDAppDelegate.h */,
				84791967191CD83700D88A11 /* DVDAppDelegate.m */,
				84791969191CD83700D88A11 /* Main.storyboard */,
				8479196F191CD83700D88A11 /* Images.xcassets */,
				8479195E191CD83700D88A11 /* Supporting Files */,
				5F187F4C1982C365002F3250 /* Model */,
				8479199A191CEF1600D88A11 /* Views */,
				5F187F3A1982C30C002F3250 /* ViewControllers */,
			);
			path = 1000WTD;
			sourceTree = "<group>";
		};
		8479195E191CD83700D88A11 /* Supporting Files */ = {
			isa = PBXGroup;
			children = (
				8479195F191CD83700D88A11 /* 1000WTD-Info.plist */,
				84791960191CD83700D88A11 /* InfoPlist.strings */,
				84791963191CD83700D88A11 /* main.m */,
				84791965191CD83700D88A11 /* 1000WTD-Prefix.pch */,
			);
			name = "Supporting Files";
			sourceTree = "<group>";
		};
		8479197C191CD83700D88A11 /* 1000WTDTests */ = {
			isa = PBXGroup;
			children = (
				84791982191CD83700D88A11 /* _000WTDTests.m */,
				8479197D191CD83700D88A11 /* Supporting Files */,
			);
			path = 1000WTDTests;
			sourceTree = "<group>";
		};
		8479197D191CD83700D88A11 /* Supporting Files */ = {
			isa = PBXGroup;
			children = (
				8479197E191CD83700D88A11 /* 1000WTDTests-Info.plist */,
				8479197F191CD83700D88A11 /* InfoPlist.strings */,
			);
			name = "Supporting Files";
			sourceTree = "<group>";
		};
		8479199A191CEF1600D88A11 /* Views */ = {
			isa = PBXGroup;
			children = (
				5F187F491982C33D002F3250 /* DVDCustomerCell.h */,
				5F187F4A1982C33D002F3250 /* DVDCustomerCell.m */,
			);
			name = Views;
			sourceTree = "<group>";
		};
/* End PBXGroup section */

/* Begin PBXNativeTarget section */
		84791953191CD83700D88A11 /* 1000WTD */ = {
			isa = PBXNativeTarget;
			buildConfigurationList = 84791986191CD83700D88A11 /* Build configuration list for PBXNativeTarget "1000WTD" */;
			buildPhases = (
				84791950191CD83700D88A11 /* Sources */,
				84791951191CD83700D88A11 /* Frameworks */,
				84791952191CD83700D88A11 /* Resources */,
			);
			buildRules = (
			);
			dependencies = (
			);
			name = 1000WTD;
			productName = 1000WTD;
			productReference = 84791954191CD83700D88A11 /* 1000WTD.app */;
			productType = "com.apple.product-type.application";
		};
		84791974191CD83700D88A11 /* 1000WTDTests */ = {
			isa = PBXNativeTarget;
			buildConfigurationList = 84791989191CD83700D88A11 /* Build configuration list for PBXNativeTarget "1000WTDTests" */;
			buildPhases = (
				84791971191CD83700D88A11 /* Sources */,
				84791972191CD83700D88A11 /* Frameworks */,
				84791973191CD83700D88A11 /* Resources */,
			);
			buildRules = (
			);
			dependencies = (
				8479197B191CD83700D88A11 /* PBXTargetDependency */,
			);
			name = 1000WTDTests;
			productName = 1000WTDTests;
			productReference = 84791975191CD83700D88A11 /* 1000WTDTests.xctest */;
			productType = "com.apple.product-type.bundle.unit-test";
		};
/* End PBXNativeTarget section */

/* Begin PBXProject section */
		8479194C191CD83700D88A11 /* Project object */ = {
			isa = PBXProject;
			attributes = {
				CLASSPREFIX = DVD;
				LastUpgradeCheck = 0510;
				ORGANIZATIONNAME = David;
				TargetAttributes = {
					84791953191CD83700D88A11 = {
						DevelopmentTeam = 3UXY9JYYKN;
					};
					84791974191CD83700D88A11 = {
						TestTargetID = 84791953191CD83700D88A11;
					};
				};
			};
			buildConfigurationList = 8479194F191CD83700D88A11 /* Build configuration list for PBXProject "1000WTD" */;
			compatibilityVersion = "Xcode 3.2";
			developmentRegion = English;
			hasScannedForEncodings = 0;
			knownRegions = (
				en,
				Base,
			);
			mainGroup = 8479194B191CD83700D88A11;
			productRefGroup = 84791955191CD83700D88A11 /* Products */;
			projectDirPath = "";
			projectRoot = "";
			targets = (
				84791953191CD83700D88A11 /* 1000WTD */,
				84791974191CD83700D88A11 /* 1000WTDTests */,
			);
		};
/* End PBXProject section */

/* Begin PBXResourcesBuildPhase section */
		84791952191CD83700D88A11 /* Resources */ = {
			isa = PBXResourcesBuildPhase;
			buildActionMask = 2147483647;
			files = (
				5F187F311982C2D7002F3250 /* 629.png in Resources */,
				5F187F2F1982C2D7002F3250 /* 622.png in Resources */,
				5F187F231982C2D7002F3250 /* 293.png in Resources */,
				5F187F341982C2D7002F3250 /* 674.png in Resources */,
				84791970191CD83700D88A11 /* Images.xcassets in Resources */,
				5F187F041982C2D7002F3250 /* bulimia.png in Resources */,
				5F187F261982C2D7002F3250 /* 319.png in Resources */,
				5F187F0D1982C2D7002F3250 /* estiercol.png in Resources */,
				5F187F1C1982C2D7002F3250 /* 197.png in Resources */,
				5F187F301982C2D7002F3250 /* 625.png in Resources */,
				5F187F021982C2D7002F3250 /* avispa.png in Resources */,
				84791962191CD83700D88A11 /* InfoPlist.strings in Resources */,
				5F187F0E1982C2D7002F3250 /* frio.png in Resources */,
				5F187F0B1982C2D7002F3250 /* endos2.png in Resources */,
				5F187F1A1982C2D7002F3250 /* ventana.png in Resources */,
				5F187F241982C2D7002F3250 /* 314.png in Resources */,
				5F187EFE1982C2D7002F3250 /* acido.png in Resources */,
				5F187F101982C2D7002F3250 /* jeringuilla.png in Resources */,
				5F187F471982C30C002F3250 /* DVDModelViewViewController.xib in Resources */,
				5F187F371982C2D7002F3250 /* 832.png in Resources */,
				5F187F151982C2D7002F3250 /* rayado.png in Resources */,
				5F187F0A1982C2D7002F3250 /* endos.png in Resources */,
				5F187F291982C2D7002F3250 /* 412.png in Resources */,
				8479196B191CD83700D88A11 /* Main.storyboard in Resources */,
				5F187F2A1982C2D7002F3250 /* 422.png in Resources */,
				5F187F361982C2D7002F3250 /* 818.png in Resources */,
				5F187F131982C2D7002F3250 /* oso.png in Resources */,
				5F187F111982C2D7002F3250 /* latex.png in Resources */,
				5F187F1B1982C2D7002F3250 /* zanahoria.png in Resources */,
				5F187F381982C2D7002F3250 /* 892.png in Resources */,
				5F187F221982C2D7002F3250 /* 288.png in Resources */,
				5F187F321982C2D7002F3250 /* 640.png in Resources */,
				5F187F0C1982C2D7002F3250 /* enema.png in Resources */,
				5F187F001982C2D7002F3250 /* asfixia2.png in Resources */,
				5F187F211982C2D7002F3250 /* 269.png in Resources */,
				5F187F331982C2D7002F3250 /* 652.png in Resources */,
				5F187F081982C2D7002F3250 /* cigarrillo.png in Resources */,
				5F187F051982C2D7002F3250 /* cacao.png in Resources */,
				5F187F351982C2D7002F3250 /* 713.png in Resources */,
				5F187F2B1982C2D7002F3250 /* 498.png in Resources */,
				5F187F2C1982C2D7002F3250 /* 504.png in Resources */,
				5F187F141982C2D7002F3250 /* paraguas.png in Resources */,
				5F187F171982C2D7002F3250 /* soldadora.png in Resources */,
				5F187F271982C2D7002F3250 /* 347.png in Resources */,
				5F187F071982C2D7002F3250 /* caracol1.gif in Resources */,
				5F187F251982C2D7002F3250 /* 316.png in Resources */,
				5F187F091982C2D7002F3250 /* demonio.png in Resources */,
				5F187F061982C2D7002F3250 /* calcinado.png in Resources */,
				5F187F2E1982C2D7002F3250 /* 610.png in Resources */,
				5F187F1D1982C2D7002F3250 /* 199.png in Resources */,
				5F187F031982C2D7002F3250 /* bola.png in Resources */,
				5F187F391982C2D7002F3250 /* 952.png in Resources */,
				5F187EFF1982C2D7002F3250 /* asfixia.png in Resources */,
				5F187F201982C2D7002F3250 /* 230.png in Resources */,
				5F187F191982C2D7002F3250 /* veneno.png in Resources */,
				5F187F161982C2D7002F3250 /* rayo.png in Resources */,
				5F187F1F1982C2D7002F3250 /* 226.png in Resources */,
				5F187F281982C2D7002F3250 /* 385.png in Resources */,
				5F187F011982C2D7002F3250 /* avioneta.png in Resources */,
				5F187F1E1982C2D7002F3250 /* 208.png in Resources */,
				5F187F2D1982C2D7002F3250 /* 606.png in Resources */,
				5F187F0F1982C2D7002F3250 /* jabalina.png in Resources */,
				5F187F121982C2D7002F3250 /* neumatico.png in Resources */,
				5F187F181982C2D7002F3250 /* truturadora.png in Resources */,
			);
			runOnlyForDeploymentPostprocessing = 0;
		};
		84791973191CD83700D88A11 /* Resources */ = {
			isa = PBXResourcesBuildPhase;
			buildActionMask = 2147483647;
			files = (
				84791981191CD83700D88A11 /* InfoPlist.strings in Resources */,
			);
			runOnlyForDeploymentPostprocessing = 0;
		};
/* End PBXResourcesBuildPhase section */

/* Begin PBXSourcesBuildPhase section */
		84791950191CD83700D88A11 /* Sources */ = {
			isa = PBXSourcesBuildPhase;
			buildActionMask = 2147483647;
			files = (
				5F187F461982C30C002F3250 /* DVDModelViewViewController.m in Sources */,
				5F187F481982C30C002F3250 /* PRPNavigationViewController.m in Sources */,
				5F187F521982C365002F3250 /* DVDWayToDieModel.m in Sources */,
				84791964191CD83700D88A11 /* main.m in Sources */,
				84791968191CD83700D88A11 /* DVDAppDelegate.m in Sources */,
				5F187F4B1982C33D002F3250 /* DVDCustomerCell.m in Sources */,
				5F187F441982C30C002F3250 /* DVDCollectionViewController.m in Sources */,
				5F187F511982C365002F3250 /* DVDArrayModels.m in Sources */,
			);
			runOnlyForDeploymentPostprocessing = 0;
		};
		84791971191CD83700D88A11 /* Sources */ = {
			isa = PBXSourcesBuildPhase;
			buildActionMask = 2147483647;
			files = (
				84791983191CD83700D88A11 /* _000WTDTests.m in Sources */,
			);
			runOnlyForDeploymentPostprocessing = 0;
		};
/* End PBXSourcesBuildPhase section */

/* Begin PBXTargetDependency section */
		8479197B191CD83700D88A11 /* PBXTargetDependency */ = {
			isa = PBXTargetDependency;
			target = 84791953191CD83700D88A11 /* 1000WTD */;
			targetProxy = 8479197A191CD83700D88A11 /* PBXContainerItemProxy */;
		};
/* End PBXTargetDependency section */

/* Begin PBXVariantGroup section */
		84791960191CD83700D88A11 /* InfoPlist.strings */ = {
			isa = PBXVariantGroup;
			children = (
				84791961191CD83700D88A11 /* en */,
			);
			name = InfoPlist.strings;
			sourceTree = "<group>";
		};
		84791969191CD83700D88A11 /* Main.storyboard */ = {
			isa = PBXVariantGroup;
			children = (
				8479196A191CD83700D88A11 /* Base */,
			);
			name = Main.storyboard;
			sourceTree = "<group>";
		};
		8479197F191CD83700D88A11 /* InfoPlist.strings */ = {
			isa = PBXVariantGroup;
			children = (
				84791980191CD83700D88A11 /* en */,
			);
			name = InfoPlist.strings;
			sourceTree = "<group>";
		};
/* End PBXVariantGroup section */

/* Begin XCBuildConfiguration section */
		84791984191CD83700D88A11 /* Debug */ = {
			isa = XCBuildConfiguration;
			buildSettings = {
				ALWAYS_SEARCH_USER_PATHS = NO;
				CLANG_CXX_LANGUAGE_STANDARD = "gnu++0x";
				CLANG_CXX_LIBRARY = "libc++";
				CLANG_ENABLE_MODULES = YES;
				CLANG_ENABLE_OBJC_ARC = YES;
				CLANG_WARN_BOOL_CONVERSION = YES;
				CLANG_WARN_CONSTANT_CONVERSION = YES;
				CLANG_WARN_DIRECT_OBJC_ISA_USAGE = YES_ERROR;
				CLANG_WARN_EMPTY_BODY = YES;
				CLANG_WARN_ENUM_CONVERSION = YES;
				CLANG_WARN_INT_CONVERSION = YES;
				CLANG_WARN_OBJC_ROOT_CLASS = YES_ERROR;
				CLANG_WARN__DUPLICATE_METHOD_MATCH = YES;
				"CODE_SIGN_IDENTITY[sdk=iphoneos*]" = "iPhone Developer";
				COPY_PHASE_STRIP = NO;
				GCC_C_LANGUAGE_STANDARD = gnu99;
				GCC_DYNAMIC_NO_PIC = NO;
				GCC_OPTIMIZATION_LEVEL = 0;
				GCC_PREPROCESSOR_DEFINITIONS = (
					"DEBUG=1",
					"$(inherited)",
				);
				GCC_SYMBOLS_PRIVATE_EXTERN = NO;
				GCC_WARN_64_TO_32_BIT_CONVERSION = YES;
				GCC_WARN_ABOUT_RETURN_TYPE = YES_ERROR;
				GCC_WARN_UNDECLARED_SELECTOR = YES;
				GCC_WARN_UNINITIALIZED_AUTOS = YES_AGGRESSIVE;
				GCC_WARN_UNUSED_FUNCTION = YES;
				GCC_WARN_UNUSED_VARIABLE = YES;
				IPHONEOS_DEPLOYMENT_TARGET = 7.0;
				ONLY_ACTIVE_ARCH = YES;
				SDKROOT = iphoneos;
			};
			name = Debug;
		};
		84791985191CD83700D88A11 /* Release */ = {
			isa = XCBuildConfiguration;
			buildSettings = {
				ALWAYS_SEARCH_USER_PATHS = NO;
				CLANG_CXX_LANGUAGE_STANDARD = "gnu++0x";
				CLANG_CXX_LIBRARY = "libc++";
				CLANG_ENABLE_MODULES = YES;
				CLANG_ENABLE_OBJC_ARC = YES;
				CLANG_WARN_BOOL_CONVERSION = YES;
				CLANG_WARN_CONSTANT_CONVERSION = YES;
				CLANG_WARN_DIRECT_OBJC_ISA_USAGE = YES_ERROR;
				CLANG_WARN_EMPTY_BODY = YES;
				CLANG_WARN_ENUM_CONVERSION = YES;
				CLANG_WARN_INT_CONVERSION = YES;
				CLANG_WARN_OBJC_ROOT_CLASS = YES_ERROR;
				CLANG_WARN__DUPLICATE_METHOD_MATCH = YES;
				"CODE_SIGN_IDENTITY[sdk=iphoneos*]" = "iPhone Developer";
				COPY_PHASE_STRIP = YES;
				ENABLE_NS_ASSERTIONS = NO;
				GCC_C_LANGUAGE_STANDARD = gnu99;
				GCC_WARN_64_TO_32_BIT_CONVERSION = YES;
				GCC_WARN_ABOUT_RETURN_TYPE = YES_ERROR;
				GCC_WARN_UNDECLARED_SELECTOR = YES;
				GCC_WARN_UNINITIALIZED_AUTOS = YES_AGGRESSIVE;
				GCC_WARN_UNUSED_FUNCTION = YES;
				GCC_WARN_UNUSED_VARIABLE = YES;
				IPHONEOS_DEPLOYMENT_TARGET = 7.0;
				SDKROOT = iphoneos;
				VALIDATE_PRODUCT = YES;
			};
			name = Release;
		};
		84791987191CD83700D88A11 /* Debug */ = {
			isa = XCBuildConfiguration;
			buildSettings = {
				ASSETCATALOG_COMPILER_APPICON_NAME = "AppIcon-2";
				ASSETCATALOG_COMPILER_LAUNCHIMAGE_NAME = "LaunchImage-2";
				CODE_SIGN_IDENTITY = "iPhone Developer";
				"CODE_SIGN_IDENTITY[sdk=iphoneos*]" = "iPhone Developer";
				GCC_PRECOMPILE_PREFIX_HEADER = YES;
				GCC_PREFIX_HEADER = "1000WTD/1000WTD-Prefix.pch";
				INFOPLIST_FILE = "1000WTD/1000WTD-Info.plist";
				PRODUCT_NAME = "$(TARGET_NAME)";
				PROVISIONING_PROFILE = "";
				WRAPPER_EXTENSION = app;
			};
			name = Debug;
		};
		84791988191CD83700D88A11 /* Release */ = {
			isa = XCBuildConfiguration;
			buildSettings = {
				ASSETCATALOG_COMPILER_APPICON_NAME = "AppIcon-2";
				ASSETCATALOG_COMPILER_LAUNCHIMAGE_NAME = "LaunchImage-2";
				CODE_SIGN_IDENTITY = "iPhone Developer";
				"CODE_SIGN_IDENTITY[sdk=iphoneos*]" = "iPhone Developer";
				GCC_PRECOMPILE_PREFIX_HEADER = YES;
				GCC_PREFIX_HEADER = "1000WTD/1000WTD-Prefix.pch";
				INFOPLIST_FILE = "1000WTD/1000WTD-Info.plist";
				PRODUCT_NAME = "$(TARGET_NAME)";
				PROVISIONING_PROFILE = "";
				WRAPPER_EXTENSION = app;
			};
			name = Release;
		};
		8479198A191CD83700D88A11 /* Debug */ = {
			isa = XCBuildConfiguration;
			buildSettings = {
				BUNDLE_LOADER = "$(BUILT_PRODUCTS_DIR)/1000WTD.app/1000WTD";
				FRAMEWORK_SEARCH_PATHS = (
					"$(SDKROOT)/Developer/Library/Frameworks",
					"$(inherited)",
					"$(DEVELOPER_FRAMEWORKS_DIR)",
				);
				GCC_PRECOMPILE_PREFIX_HEADER = YES;
				GCC_PREFIX_HEADER = "1000WTD/1000WTD-Prefix.pch";
				GCC_PREPROCESSOR_DEFINITIONS = (
					"DEBUG=1",
					"$(inherited)",
				);
				INFOPLIST_FILE = "1000WTDTests/1000WTDTests-Info.plist";
				PRODUCT_NAME = "$(TARGET_NAME)";
				TEST_HOST = "$(BUNDLE_LOADER)";
				WRAPPER_EXTENSION = xctest;
			};
			name = Debug;
		};
		8479198B191CD83700D88A11 /* Release */ = {
			isa = XCBuildConfiguration;
			buildSettings = {
				BUNDLE_LOADER = "$(BUILT_PRODUCTS_DIR)/1000WTD.app/1000WTD";
				FRAMEWORK_SEARCH_PATHS = (
					"$(SDKROOT)/Developer/Library/Frameworks",
					"$(inherited)",
					"$(DEVELOPER_FRAMEWORKS_DIR)",
				);
				GCC_PRECOMPILE_PREFIX_HEADER = YES;
				GCC_PREFIX_HEADER = "1000WTD/1000WTD-Prefix.pch";
				INFOPLIST_FILE = "1000WTDTests/1000WTDTests-Info.plist";
				PRODUCT_NAME = "$(TARGET_NAME)";
				TEST_HOST = "$(BUNDLE_LOADER)";
				WRAPPER_EXTENSION = xctest;
			};
			name = Release;
		};
/* End XCBuildConfiguration section */

/* Begin XCConfigurationList section */
		8479194F191CD83700D88A11 /* Build configuration list for PBXProject "1000WTD" */ = {
			isa = XCConfigurationList;
			buildConfigurations = (
				84791984191CD83700D88A11 /* Debug */,
				84791985191CD83700D88A11 /* Release */,
			);
			defaultConfigurationIsVisible = 0;
			defaultConfigurationName = Release;
		};
		84791986191CD83700D88A11 /* Build configuration list for PBXNativeTarget "1000WTD" */ = {
			isa = XCConfigurationList;
			buildConfigurations = (
				84791987191CD83700D88A11 /* Debug */,
				84791988191CD83700D88A11 /* Release */,
			);
			defaultConfigurationIsVisible = 0;
			defaultConfigurationName = Release;
		};
		84791989191CD83700D88A11 /* Build configuration list for PBXNativeTarget "1000WTDTests" */ = {
			isa = XCConfigurationList;
			buildConfigurations = (
				8479198A191CD83700D88A11 /* Debug */,
				8479198B191CD83700D88A11 /* Release */,
			);
			defaultConfigurationIsVisible = 0;
			defaultConfigurationName = Release;
		};
/* End XCConfigurationList section */
	};
	rootObject = 8479194C191CD83700D88A11 /* Project object */;
}
